
Microsoft Visual Studio Solution File, Format Version 12.00
# Visual Studio Version 17
VisualStudioVersion = 17.0.32014.148
MinimumVisualStudioVersion = 10.0.40219.1
Project("{FAE04EC0-301F-11D3-BF4B-00C04F79EFBC}") = "Image_Denoiser", "PROTO\Image_Denoiser.csproj", "{D6D5DE3F-2AD5-4E4C-8E72-976A647AADF8}"
EndProject
Global
	GlobalSection(SolutionConfigurationPlatforms) = preSolution
		Debug|Any CPU = Debug|Any CPU
		Release|Any CPU = Release|Any CPU
	EndGlobalSection
	GlobalSection(ProjectConfigurationPlatforms) = postSolution
		{D6D5DE3F-2AD5-4E4C-8E72-976A647AADF8}.Debug|Any CPU.ActiveCfg = Debug|Any CPU
		{D6D5DE3F-2AD5-4E4C-8E72-976A647AADF8}.Debug|Any CPU.Build.0 = Debug|Any CPU
		{D6D5DE3F-2AD5-4E4C-8E72-976A647AADF8}.Release|Any CPU.ActiveCfg = Release|Any CPU
		{D6D5DE3F-2AD5-4E4C-8E72-976A647AADF8}.Release|Any CPU.Build.0 = Release|Any CPU
	EndGlobalSection
	GlobalSection(SolutionProperties) = preSolution
		HideSolutionNode = FALSE
	EndGlobalSection
	GlobalSection(ExtensibilityGlobals) = postSolution
		SolutionGuid = {13B00619-4CC3-4F0E-9A56-1890FDFDABD8}
	EndGlobalSection
EndGlobal
